langcode: hu
status: true
dependencies:
  config:
    - block_visibility_groups.block_visibility_group.checkout
  module:
    - block_visibility_groups
    - taxonomy_menu_block
  theme:
    - drupaldev_theme
id: taxonomymenublock
theme: drupaldev_theme
region: sidebar_first
weight: 0
provider: null
plugin: taxonomy_menu_block
settings:
  id: taxonomy_menu_block
  label: 'Taxonomy menu block'
  label_display: '0'
  provider: taxonomy_menu_block
  taxonomy: catalog
  block_classes: ''
visibility:
  condition_group:
    id: condition_group
    negate: true
    block_visibility_group: checkout
