langcode: en
status: true
dependencies:
  module:
    - drupaldev_search
  theme:
    - drupaldev_theme
id: drupaldev_theme_drupaldevsearchdescriptionblock
theme: drupaldev_theme
region: content
weight: -4
provider: null
plugin: drupaldev_search_description
settings:
  id: drupaldev_search_description
  label: 'Drupaldev Search: Description Block'
  label_display: '0'
  provider: drupaldev_search
visibility: {  }
