label: 'Kosár blokk'
display:
  default:
    display_title: Mester
    display_options:
      fields:
        quantity:
          separator: ', '
        title:
          separator: ', '
        total_price__number:
          separator: ', '
      exposed_form:
        options:
          submit_button: Alkalmaz
          reset_button_label: Alaphelyzet
          exposed_sorts_label: Rendezés
          sort_asc_label: Növ
          sort_desc_label: Csökk
      arguments:
        order_id:
          exception:
            title: Mind
