langcode: en
status: true
dependencies:
  config:
    - block_visibility_groups.block_visibility_group.blog
  module:
    - block_visibility_groups
    - taxonomy_menu_block
  theme:
    - bokreta
id: bokreta_taxonomymenublock
theme: bokreta
region: sidebar_first
weight: -15
provider: null
plugin: taxonomy_menu_block
settings:
  id: taxonomy_menu_block
  label: 'Taxonomy menu block'
  label_display: '0'
  provider: taxonomy_menu_block
  taxonomy: blog_category_taxonomy
  block_classes: ''
visibility:
  condition_group:
    id: condition_group
    negate: false
    block_visibility_group: blog
